<?xml version="1.0" encoding="utf-8"?>
<Project ToolsVersion="4.0" xmlns="http://schemas.microsoft.com/developer/msbuild/2003">
  <ItemGroup>
    <Filter Include="Source Files">
      <UniqueIdentifier>{4FC737F1-C7A5-4376-A066-2A32D752A2FF}</UniqueIdentifier>
      <Extensions>cpp;c;cc;cxx;c++;cppm;ixx;def;odl;idl;hpj;bat;asm;asmx</Extensions>
    </Filter>
    <Filter Include="Header Files">
      <UniqueIdentifier>{93995380-89BD-4b04-88EB-625FBE52EBFB}</UniqueIdentifier>
      <Extensions>h;hh;hpp;hxx;h++;hm;inl;inc;ipp;xsd</Extensions>
    </Filter>
    <Filter Include="Resource Files">
      <UniqueIdentifier>{67DA6AB6-F800-4c08-8B7A-83BB121AAD01}</UniqueIdentifier>
      <Extensions>rc;ico;cur;bmp;dlg;rc2;rct;bin;rgs;gif;jpg;jpeg;jpe;resx;tiff;tif;png;wav;mfcribbon-ms</Extensions>
    </Filter>
    <Filter Include="Source Files\external">
      <UniqueIdentifier>{fab430d1-4455-45d2-a9fe-268e37a76995}</UniqueIdentifier>
    </Filter>
    <Filter Include="Source Files\external\glad">
      <UniqueIdentifier>{f2101754-1400-47aa-b52e-93ec4e2a177e}</UniqueIdentifier>
    </Filter>
    <Filter Include="Source Files\external\ImGui">
      <UniqueIdentifier>{b1433a25-2142-46a5-88be-433615633b6f}</UniqueIdentifier>
    </Filter>
    <Filter Include="Source Files\Core">
      <UniqueIdentifier>{5d5a743d-9fcb-4501-accb-92224bd4bbdc}</UniqueIdentifier>
    </Filter>
    <Filter Include="Header Files\Core">
      <UniqueIdentifier>{dd24d881-9a1a-4931-92f3-c78fb21bc71a}</UniqueIdentifier>
    </Filter>
    <Filter Include="Header Files\Core\Editor">
      <UniqueIdentifier>{f1d289fb-2da1-4487-971d-00a9f2a06312}</UniqueIdentifier>
    </Filter>
    <Filter Include="Source Files\Core\Editor">
      <UniqueIdentifier>{20faae09-4d8d-4439-97e6-5ced17f662d2}</UniqueIdentifier>
    </Filter>
    <Filter Include="Source Files\external\tinygltf">
      <UniqueIdentifier>{93a80d61-73e7-42cf-b217-6934d0049511}</UniqueIdentifier>
    </Filter>
    <Filter Include="Source Files\Utils">
      <UniqueIdentifier>{7e9cef58-4fdc-4860-8aeb-3df267cb496d}</UniqueIdentifier>
    </Filter>
    <Filter Include="Header Files\Core\Camera">
      <UniqueIdentifier>{6ef9ce42-0a07-4f35-8e5d-7526dc62a984}</UniqueIdentifier>
    </Filter>
    <Filter Include="Source Files\Core\Camera">
      <UniqueIdentifier>{bb3e7e67-3616-41fc-9fb5-331db5242029}</UniqueIdentifier>
    </Filter>
    <Filter Include="Header Files\Core\Resources">
      <UniqueIdentifier>{9e5105b9-76d1-4f23-8c1e-5efa905e4a3c}</UniqueIdentifier>
    </Filter>
    <Filter Include="Source Files\Core\Resources">
      <UniqueIdentifier>{5cbaf60f-e4d7-43d9-bbe5-f45c85f5f62c}</UniqueIdentifier>
    </Filter>
    <Filter Include="Header Files\Core\Shaders">
      <UniqueIdentifier>{a4faabf3-2e54-42ac-babf-f018e0242782}</UniqueIdentifier>
    </Filter>
    <Filter Include="Source Files\Core\Shaders">
      <UniqueIdentifier>{17936c40-7227-4ebd-841a-3a8c0f22c2a8}</UniqueIdentifier>
    </Filter>
    <Filter Include="Source Files\Core\Scene">
      <UniqueIdentifier>{880bb3d4-8601-45c9-a9de-91244e0998b8}</UniqueIdentifier>
    </Filter>
    <Filter Include="Header Files\Core\Scene">
      <UniqueIdentifier>{37e70c2a-3026-4ef4-8073-dbca469420fe}</UniqueIdentifier>
    </Filter>
  </ItemGroup>
  <ItemGroup>
    <ClCompile Include="main.cpp">
      <Filter>Source Files</Filter>
    </ClCompile>
    <ClCompile Include="external\glad\src\glad.c">
      <Filter>Source Files\external\glad</Filter>
    </ClCompile>
    <ClCompile Include="external\ImGui\src\imgui.cpp">
      <Filter>Source Files\external\ImGui</Filter>
    </ClCompile>
    <ClCompile Include="external\ImGui\src\imgui_impl_sdl3.cpp">
      <Filter>Source Files\external\ImGui</Filter>
    </ClCompile>
    <ClCompile Include="external\ImGui\src\imgui_draw.cpp">
      <Filter>Source Files\external\ImGui</Filter>
    </ClCompile>
    <ClCompile Include="external\ImGui\src\imgui_impl_opengl3.cpp">
      <Filter>Source Files\external\ImGui</Filter>
    </ClCompile>
    <ClCompile Include="external\ImGui\src\imgui_tables.cpp">
      <Filter>Source Files\external\ImGui</Filter>
    </ClCompile>
    <ClCompile Include="external\ImGui\src\imgui_widgets.cpp">
      <Filter>Source Files\external\ImGui</Filter>
    </ClCompile>
    <ClCompile Include="external\ImGui\src\imgui_demo.cpp">
      <Filter>Source Files\external\ImGui</Filter>
    </ClCompile>
    <ClCompile Include="Window.cpp">
      <Filter>Source Files\Core</Filter>
    </ClCompile>
    <ClCompile Include="Window.hpp">
      <Filter>Header Files\Core</Filter>
    </ClCompile>
    <ClCompile Include="EditorGUI.cpp">
      <Filter>Source Files\Core\Editor</Filter>
    </ClCompile>
    <ClCompile Include="external\tinygltf-2.9.6\tiny_gltf.cc">
      <Filter>Source Files\external\tinygltf</Filter>
    </ClCompile>
    <ClCompile Include="Util_path.cpp">
      <Filter>Source Files\Utils</Filter>
    </ClCompile>
    <ClCompile Include="FPSCamera.cpp">
      <Filter>Source Files\Core\Camera</Filter>
    </ClCompile>
    <ClCompile Include="TargetCamera.cpp">
      <Filter>Source Files\Core\Camera</Filter>
    </ClCompile>
    <ClCompile Include="GLTFLoader.cpp">
      <Filter>Source Files\Core\Resources</Filter>
    </ClCompile>
    <ClCompile Include="ResourceManager.cpp">
      <Filter>Source Files\Core\Resources</Filter>
    </ClCompile>
    <ClCompile Include="Shader.cpp">
      <Filter>Source Files\Core\Shaders</Filter>
    </ClCompile>
    <ClCompile Include="Renderer.cpp">
      <Filter>Source Files\Core</Filter>
    </ClCompile>
    <ClCompile Include="Scene.cpp">
      <Filter>Source Files\Core\Scene</Filter>
    </ClCompile>
  </ItemGroup>
  <ItemGroup>
    <ClInclude Include="EditorGUI.hpp">
      <Filter>Header Files\Core\Editor</Filter>
    </ClInclude>
    <ClInclude Include="Utils.hpp">
      <Filter>Header Files</Filter>
    </ClInclude>
    <ClInclude Include="Camera.hpp">
      <Filter>Header Files\Core\Camera</Filter>
    </ClInclude>
    <ClInclude Include="FPSCamera.hpp">
      <Filter>Header Files\Core\Camera</Filter>
    </ClInclude>
    <ClInclude Include="TargetCamera.hpp">
      <Filter>Header Files\Core\Camera</Filter>
    </ClInclude>
    <ClInclude Include="GLTFLoader.hpp">
      <Filter>Header Files\Core\Resources</Filter>
    </ClInclude>
    <ClInclude Include="MeshPrimitive.hpp">
      <Filter>Header Files\Core\Resources</Filter>
    </ClInclude>
    <ClInclude Include="ModelInstance.hpp">
      <Filter>Header Files\Core\Resources</Filter>
    </ClInclude>
    <ClInclude Include="Shader.hpp">
      <Filter>Header Files\Core\Shaders</Filter>
    </ClInclude>
    <ClInclude Include="Renderer.hpp">
      <Filter>Header Files\Core</Filter>
    </ClInclude>
    <ClInclude Include="ResourceManager.hpp">
      <Filter>Header Files\Core\Resources</Filter>
    </ClInclude>
    <ClInclude Include="ICamera.hpp">
      <Filter>Header Files\Core\Camera</Filter>
    </ClInclude>
    <ClInclude Include="Scene.hpp">
      <Filter>Header Files\Core\Scene</Filter>
    </ClInclude>
    <ClInclude Include="TerminalHelper.hpp">
      <Filter>Header Files\Core\Editor</Filter>
    </ClInclude>
  </ItemGroup>
</Project>